{
  "name": "mysite",
  "lockfileVersion": 2,
  "requires": true,
  "packages": {
    "": {
      "dependencies": {
        "@popperjs/core": "^2.11.6",
        "emoji-picker-element": "^1.12.1"
      }
    },
    "node_modules/@popperjs/core": {
      "version": "2.11.6",
      "resolved": "https://registry.npmjs.org/@popperjs/core/-/core-2.11.6.tgz",
      "integrity": "sha512-50/17A98tWUfQ176raKiOGXuYpLyyVMkxxG6oylzL3BPOlA6ADGdK7EYunSa4I064xerltq9TGXs8HmOk5E+vw==",
      "funding": {
        "type": "opencollective",
        "url": "https://opencollective.com/popperjs"
      }
    },
    "node_modules/emoji-picker-element": {
      "version": "1.12.1",
      "resolved": "https://registry.npmjs.org/emoji-picker-element/-/emoji-picker-element-1.12.1.tgz",
      "integrity": "sha512-F9AY/re8uqZmBcCXLHLGvyy7fxuMQdZl9R8OToLRH8Vnns+WMX8RYUbI2nSJklzl5+82qzpYWeus1/puDepWcQ=="
    }
  },
  "dependencies": {
    "@popperjs/core": {
      "version": "2.11.6",
      "resolved": "https://registry.npmjs.org/@popperjs/core/-/core-2.11.6.tgz",
      "integrity": "sha512-50/17A98tWUfQ176raKiOGXuYpLyyVMkxxG6oylzL3BPOlA6ADGdK7EYunSa4I064xerltq9TGXs8HmOk5E+vw=="
    },
    "emoji-picker-element": {
      "version": "1.12.1",
      "resolved": "https://registry.npmjs.org/emoji-picker-element/-/emoji-picker-element-1.12.1.tgz",
      "integrity": "sha512-F9AY/re8uqZmBcCXLHLGvyy7fxuMQdZl9R8OToLRH8Vnns+WMX8RYUbI2nSJklzl5+82qzpYWeus1/puDepWcQ=="
    }
  }
}
